
Microsoft Visual Studio Solution File, Format Version 12.00
# Visual Studio 15
VisualStudioVersion = 15.0.28307.168
MinimumVisualStudioVersion = 10.0.40219.1
Project("{FAE04EC0-301F-11D3-BF4B-00C04F79EFBC}") = "Magnum", "Magnum\Magnum.csproj", "{882C1F49-9B92-44EF-BA2B-5EF4A26350DB}"
EndProject
Global
	GlobalSection(SolutionConfigurationPlatforms) = preSolution
		Debug|Any CPU = Debug|Any CPU
		Release|Any CPU = Release|Any CPU
	EndGlobalSection
	GlobalSection(ProjectConfigurationPlatforms) = postSolution
		{882C1F49-9B92-44EF-BA2B-5EF4A26350DB}.Debug|Any CPU.ActiveCfg = Debug|Any CPU
		{882C1F49-9B92-44EF-BA2B-5EF4A26350DB}.Debug|Any CPU.Build.0 = Debug|Any CPU
		{882C1F49-9B92-44EF-BA2B-5EF4A26350DB}.Release|Any CPU.ActiveCfg = Release|Any CPU
		{882C1F49-9B92-44EF-BA2B-5EF4A26350DB}.Release|Any CPU.Build.0 = Release|Any CPU
	EndGlobalSection
	GlobalSection(SolutionProperties) = preSolution
		HideSolutionNode = FALSE
	EndGlobalSection
	GlobalSection(ExtensibilityGlobals) = postSolution
		SolutionGuid = {C681EC7F-4138-42EA-BA7B-73E96FF6F40B}
	EndGlobalSection
EndGlobal
